# This file is autogenerated, do not edit; changes may be undone by the next 'dep ensure'.


[[projects]]
  digest = "1:460c38ec774b5010a63760d6a415cf0f35f4460288a1648fb65ef7a3cc2d832c"
  name = "github.com/fatih/color"
  packages = ["."]
  pruneopts = "UT"
  revision = "87d4004f2ab62d0d255e0a38f1680aa534549fe3"
  version = "v0.2.0"

[[projects]]
  digest = "1:c1184fff2ca3ba4a23e189258a8d41cc4862eb899d7e47d9ea4a96c0b8c2aea1"
  name = "github.com/fhs/go-netrc"
  packages = ["netrc"]
  pruneopts = "UT"
  revision = "4ffed54ee5c32ebfb1b8c7c72fc90bb08dc3ff43"
  version = "v1.0.0"

[[projects]]
  branch = "master"
  digest = "1:6101dab857571b79ee26ec8a4e3d2f7a5a16cd297579bf8abcd613c9e4a861fd"
  name = "github.com/jingweno/go-sawyer"
  packages = [
    ".",
    "hypermedia",
    "mediaheader",
    "mediatype",
  ]
  pruneopts = "UT"
  revision = "1999ae5763d678f3ce1112cf1fda7c7e9cf2aadf"

[[projects]]
  digest = "1:3786254a486f6d605a52cbc62aa0e71dacc76d5cd1a217c16905831b0f92f6ad"
  name = "github.com/jtacoma/uritemplates"
  packages = ["."]
  pruneopts = "UT"
  revision = "307ae868f90f4ee1b73ebe4596e0394237dacce8"
  version = "v1.0.0"

[[projects]]
  branch = "master"
  digest = "1:be40f095cd741773905744f16c1f7a21fd9226ccd0529f019deb7da6d667f71c"
  name = "github.com/logrusorgru/aurora"
  packages = ["."]
  pruneopts = "UT"
  revision = "a7b3b318ed4e1ae5b80602b08627267303c68572"

[[projects]]
  digest = "1:c658e84ad3916da105a761660dcaeb01e63416c8ec7bc62256a9b411a05fcd67"
  name = "github.com/mattn/go-colorable"
  packages = ["."]
  pruneopts = "UT"
  revision = "167de6bfdfba052fa6b2d3664c8f5272e23c9072"
  version = "v0.0.9"

[[projects]]
  digest = "1:3dce9780102fd9dfd8b864b18b84b1f94868f992d455af69a4604fae5d3b24f1"
  name = "github.com/mattn/go-isatty"
  packages = ["."]
  pruneopts = "UT"
  revision = "66b8e73f3f5cda9f96b69efd03dd3d7fc4a5cdb8"

[[projects]]
  digest = "1:b7295782cadcb4f2aea15869182e119d31f1aeedf67eca9c93bd500f78f226cb"
  name = "github.com/mattn/go-runewidth"
  packages = ["."]
  pruneopts = "UT"
  revision = "737072b4e32b7a5018b4a7125da8d12de90e8045"

[[projects]]
  digest = "1:784cee8975fa810326e36b7e4dbf9ea934e05e787cce5e36f1521dbc08cad7b0"
  name = "github.com/olekukonko/tablewriter"
  packages = ["."]
  pruneopts = "UT"
  revision = "febf2d34b54a69ce7530036c7503b1c9fbfdf0bb"

[[projects]]
  digest = "1:45fd40c3036cb318a6b86fc99d562ed22c7a399a2b70ed9b57743504071007ae"
  name = "github.com/urfave/cli"
  packages = ["."]
  pruneopts = "UT"
  revision = "d53eb991652b1d438abdd34ce4bfa3ef1539108e"

[[projects]]
  branch = "master"
  digest = "1:e7ebaf1613b2139edd204959a0ce2dbe6c5687b87bae9cd779bac5dfb7eb8a97"
  name = "github.com/victorgama/go-octokit"
  packages = ["octokit"]
  pruneopts = "UT"
  revision = "6e32e4c5e18c82d6eaa6af5995a27fdc7d4512fe"

[[projects]]
  digest = "1:069946c0288b2de3a5999d9e9674c9ad21378a1b39fb801e3f729915fd2523e8"
  name = "github.com/victorgama/pine"
  packages = ["."]
  pruneopts = "UT"
  revision = "418a81851dc85568daad9175fd8c23bd43682ffa"
  version = "v0.2.0"

[[projects]]
  digest = "1:62d32e3ab9655bb0124b5d7a87eed55c6606a5488290111bd2a06a5f01baba1d"
  name = "golang.org/x/sys"
  packages = ["unix"]
  pruneopts = "UT"
  revision = "8f0908ab3b2457e2e15403d3697c9ef5cb4b57a9"

[solve-meta]
  analyzer-name = "dep"
  analyzer-version = 1
  input-imports = [
    "github.com/fatih/color",
    "github.com/olekukonko/tablewriter",
    "github.com/urfave/cli",
    "github.com/victorgama/go-octokit/octokit",
    "github.com/victorgama/pine",
  ]
  solver-name = "gps-cdcl"
  solver-version = 1
